{
  "name": "bicycle-miniapp",
  "version": "1.0.0",
  "lockfileVersion": 3,
  "requires": true,
  "packages": {
    "": {
      "name": "bicycle-miniapp",
      "version": "1.0.0",
      "license": "ISC",
      "dependencies": {
        "@tuya-miniapp/miniapp-components-plus": "^2.10.4",
        "@tuya-miniapp/miniapp-gesture": "^2.0.3",
        "@tuya-miniapp/redux-connect-page": "^0.0.3",
        "@tuya/tuya-panel-api": "^1.0.0"
      },
      "devDependencies": {}
    },
    "node_modules/@tuya-miniapp/miniapp-components-plus": {
      "version": "2.10.5",
      "resolved": "https://registry.npmmirror.com/@tuya-miniapp/miniapp-components-plus/-/miniapp-components-plus-2.10.5.tgz",
      "integrity": "sha512-QbzRs2fXDjHCf6iyy4xvnX6JVJPuA0sMfHCw3L5rlMvp3kCpAysHTCn6hHmrma+Q94bp6ic6ty9Gfb0x3xHKiQ=="
    },
    "node_modules/@tuya-miniapp/miniapp-gesture": {
      "version": "2.0.3",
      "resolved": "https://registry.npmmirror.com/@tuya-miniapp/miniapp-gesture/-/miniapp-gesture-2.0.3.tgz",
      "integrity": "sha512-EQHh/6chOt7TIhxUX09bDcXsHKi31d/yeiMZXUT68t7l5nvS9y3obRjGBJDqIv07sevpUySK9qhXk93IRqOVQg=="
    },
    "node_modules/@tuya-miniapp/redux-connect-page": {
      "version": "0.0.3",
      "resolved": "https://registry.npmmirror.com/@tuya-miniapp/redux-connect-page/-/redux-connect-page-0.0.3.tgz",
      "integrity": "sha512-zVrW4tdX62MHMJuQg5pNkR+bYf2zGZdx+shqTMsV5Iuw8eOiBmIZ0khrlkC//B2IXOMFKn3HbyAuZ4P1bSWw3g==",
      "peerDependencies": {
        "@reduxjs/toolkit": "^1.9.0",
        "lodash": "^4.0.0",
        "redux": "^4.2.0"
      }
    },
    "node_modules/@tuya/tuya-panel-api": {
      "version": "1.12.0",
      "resolved": "https://registry.npmjs.org/@tuya/tuya-panel-api/-/tuya-panel-api-1.12.0.tgz",
      "integrity": "sha512-bjjBh9JQKZuk98SvGq2urKx3Cf8vznn+kRYP0kvuZxD9z8e40cxIrIIUnYvv8tse4ufQEPRcEPT67yeDDFk88A==",
      "license": "MIT",
      "peerDependencies": {
        "react": "16.8.3",
        "react-native": "0.59.10",
        "react-native-svg": "5.5.1",
        "tuya-panel-kit": "^4.3.4"
      }
    }
  }
}
